
Microsoft Visual Studio Solution File, Format Version 12.00
# Visual Studio Version 17
VisualStudioVersion = 17.1.32210.238
MinimumVisualStudioVersion = 10.0.40219.1
Project("{FAE04EC0-301F-11D3-BF4B-00C04F79EFBC}") = "HotelReservation", "HotelReservation\HotelReservation.csproj", "{C353D0B6-15AD-4059-B7FC-1BB4C9661973}"
EndProject
Global
	GlobalSection(SolutionConfigurationPlatforms) = preSolution
		Debug|Any CPU = Debug|Any CPU
		Release|Any CPU = Release|Any CPU
	EndGlobalSection
	GlobalSection(ProjectConfigurationPlatforms) = postSolution
		{C353D0B6-15AD-4059-B7FC-1BB4C9661973}.Debug|Any CPU.ActiveCfg = Debug|Any CPU
		{C353D0B6-15AD-4059-B7FC-1BB4C9661973}.Debug|Any CPU.Build.0 = Debug|Any CPU
		{C353D0B6-15AD-4059-B7FC-1BB4C9661973}.Release|Any CPU.ActiveCfg = Release|Any CPU
		{C353D0B6-15AD-4059-B7FC-1BB4C9661973}.Release|Any CPU.Build.0 = Release|Any CPU
	EndGlobalSection
	GlobalSection(SolutionProperties) = preSolution
		HideSolutionNode = FALSE
	EndGlobalSection
	GlobalSection(ExtensibilityGlobals) = postSolution
		SolutionGuid = {DC87F6EB-A0ED-4D55-B07A-C325B501B367}
	EndGlobalSection
EndGlobal
